// !$*UTF8*$!
{
	archiveVersion = 1;
	classes = {
	};
	objectVersion = 46;
	objects = {

/* Begin PBXBuildFile section */
		59EC832F1DC8EC540002700A /* seqAlign_ffi_c.c in Sources */ = {isa = PBXBuildFile; fileRef = 59EC832E1DC8EC540002700A /* seqAlign_ffi_c.c */; };
/* End PBXBuildFile section */

/* Begin PBXCopyFilesBuildPhase section */
		59EC83291DC8EC540002700A /* CopyFiles */ = {
			isa = PBXCopyFilesBuildPhase;
			buildActionMask = 2147483647;
			dstPath = /usr/share/man/man1/;
			dstSubfolderSpec = 0;
			files = (
			);
			runOnlyForDeploymentPostprocessing = 1;
		};
/* End PBXCopyFilesBuildPhase section */

/* Begin PBXFileReference section */
		59EC832B1DC8EC540002700A /* version_Haskell_final */ = {isa = PBXFileReference; explicitFileType = "compiled.mach-o.executable"; includeInIndex = 0; path = version_Haskell_final; sourceTree = BUILT_PRODUCTS_DIR; };
		59EC832E1DC8EC540002700A /* seqAlign_ffi_c.c */ = {isa = PBXFileReference; lastKnownFileType = sourcecode.c.c; path = seqAlign_ffi_c.c; sourceTree = "<group>"; };
		59EC83351DC8ECEE0002700A /* seqAlignForHaskell.h */ = {isa = PBXFileReference; lastKnownFileType = sourcecode.c.h; path = seqAlignForHaskell.h; sourceTree = "<group>"; };
/* End PBXFileReference section */

/* Begin PBXFrameworksBuildPhase section */
		59EC83281DC8EC540002700A /* Frameworks */ = {
			isa = PBXFrameworksBuildPhase;
			buildActionMask = 2147483647;
			files = (
			);
			runOnlyForDeploymentPostprocessing = 0;
		};
/* End PBXFrameworksBuildPhase section */

/* Begin PBXGroup section */
		59EC83221DC8EC540002700A = {
			isa = PBXGroup;
			children = (
				59EC832D1DC8EC540002700A /* version_Haskell_final */,
				59EC832C1DC8EC540002700A /* Products */,
			);
			sourceTree = "<group>";
		};
		59EC832C1DC8EC540002700A /* Products */ = {
			isa = PBXGroup;
			children = (
				59EC832B1DC8EC540002700A /* version_Haskell_final */,
			);
			name = Products;
			sourceTree = "<group>";
		};
		59EC832D1DC8EC540002700A /* version_Haskell_final */ = {
			isa = PBXGroup;
			children = (
				59EC832E1DC8EC540002700A /* seqAlign_ffi_c.c */,
				59EC83351DC8ECEE0002700A /* seqAlignForHaskell.h */,
			);
			path = version_Haskell_final;
			sourceTree = "<group>";
		};
/* End PBXGroup section */

/* Begin PBXNativeTarget section */
		59EC832A1DC8EC540002700A /* version_Haskell_final */ = {
			isa = PBXNativeTarget;
			buildConfigurationList = 59EC83321DC8EC540002700A /* Build configuration list for PBXNativeTarget "version_Haskell_final" */;
			buildPhases = (
				59EC83271DC8EC540002700A /* Sources */,
				59EC83281DC8EC540002700A /* Frameworks */,
				59EC83291DC8EC540002700A /* CopyFiles */,
			);
			buildRules = (
			);
			dependencies = (
			);
			name = version_Haskell_final;
			productName = version_Haskell_final;
			productReference = 59EC832B1DC8EC540002700A /* version_Haskell_final */;
			productType = "com.apple.product-type.tool";
		};
/* End PBXNativeTarget section */

/* Begin PBXProject section */
		59EC83231DC8EC540002700A /* Project object */ = {
			isa = PBXProject;
			attributes = {
				LastUpgradeCheck = 0700;
				ORGANIZATIONNAME = "Yu Xiang";
				TargetAttributes = {
					59EC832A1DC8EC540002700A = {
						CreatedOnToolsVersion = 7.0.1;
					};
				};
			};
			buildConfigurationList = 59EC83261DC8EC540002700A /* Build configuration list for PBXProject "version_Haskell_final" */;
			compatibilityVersion = "Xcode 3.2";
			developmentRegion = English;
			hasScannedForEncodings = 0;
			knownRegions = (
				en,
			);
			mainGroup = 59EC83221DC8EC540002700A;
			productRefGroup = 59EC832C1DC8EC540002700A /* Products */;
			projectDirPath = "";
			projectRoot = "";
			targets = (
				59EC832A1DC8EC540002700A /* version_Haskell_final */,
			);
		};
/* End PBXProject section */

/* Begin PBXSourcesBuildPhase section */
		59EC83271DC8EC540002700A /* Sources */ = {
			isa = PBXSourcesBuildPhase;
			buildActionMask = 2147483647;
			files = (
				59EC832F1DC8EC540002700A /* seqAlign_ffi_c.c in Sources */,
			);
			runOnlyForDeploymentPostprocessing = 0;
		};
/* End PBXSourcesBuildPhase section */

/* Begin XCBuildConfiguration section */
		59EC83301DC8EC540002700A /* Debug */ = {
			isa = XCBuildConfiguration;
			buildSettings = {
				ALWAYS_SEARCH_USER_PATHS = NO;
				CLANG_CXX_LANGUAGE_STANDARD = "gnu++0x";
				CLANG_CXX_LIBRARY = "libc++";
				CLANG_ENABLE_MODULES = YES;
				CLANG_ENABLE_OBJC_ARC = YES;
				CLANG_WARN_BOOL_CONVERSION = YES;
				CLANG_WARN_CONSTANT_CONVERSION = YES;
				CLANG_WARN_DIRECT_OBJC_ISA_USAGE = YES_ERROR;
				CLANG_WARN_EMPTY_BODY = YES;
				CLANG_WARN_ENUM_CONVERSION = YES;
				CLANG_WARN_INT_CONVERSION = YES;
				CLANG_WARN_OBJC_ROOT_CLASS = YES_ERROR;
				CLANG_WARN_UNREACHABLE_CODE = YES;
				CLANG_WARN__DUPLICATE_METHOD_MATCH = YES;
				COPY_PHASE_STRIP = NO;
				DEBUG_INFORMATION_FORMAT = dwarf;
				ENABLE_STRICT_OBJC_MSGSEND = YES;
				ENABLE_TESTABILITY = YES;
				GCC_C_LANGUAGE_STANDARD = gnu99;
				GCC_DYNAMIC_NO_PIC = NO;
				GCC_NO_COMMON_BLOCKS = YES;
				GCC_OPTIMIZATION_LEVEL = 0;
				GCC_PREPROCESSOR_DEFINITIONS = (
					"DEBUG=1",
					"$(inherited)",
				);
				GCC_WARN_64_TO_32_BIT_CONVERSION = YES;
				GCC_WARN_ABOUT_RETURN_TYPE = YES_ERROR;
				GCC_WARN_UNDECLARED_SELECTOR = YES;
				GCC_WARN_UNINITIALIZED_AUTOS = YES_AGGRESSIVE;
				GCC_WARN_UNUSED_FUNCTION = YES;
				GCC_WARN_UNUSED_VARIABLE = YES;
				MACOSX_DEPLOYMENT_TARGET = 10.10;
				MTL_ENABLE_DEBUG_INFO = YES;
				ONLY_ACTIVE_ARCH = YES;
				SDKROOT = macosx;
			};
			name = Debug;
		};
		59EC83311DC8EC540002700A /* Release */ = {
			isa = XCBuildConfiguration;
			buildSettings = {
				ALWAYS_SEARCH_USER_PATHS = NO;
				CLANG_CXX_LANGUAGE_STANDARD = "gnu++0x";
				CLANG_CXX_LIBRARY = "libc++";
				CLANG_ENABLE_MODULES = YES;
				CLANG_ENABLE_OBJC_ARC = YES;
				CLANG_WARN_BOOL_CONVERSION = YES;
				CLANG_WARN_CONSTANT_CONVERSION = YES;
				CLANG_WARN_DIRECT_OBJC_ISA_USAGE = YES_ERROR;
				CLANG_WARN_EMPTY_BODY = YES;
				CLANG_WARN_ENUM_CONVERSION = YES;
				CLANG_WARN_INT_CONVERSION = YES;
				CLANG_WARN_OBJC_ROOT_CLASS = YES_ERROR;
				CLANG_WARN_UNREACHABLE_CODE = YES;
				CLANG_WARN__DUPLICATE_METHOD_MATCH = YES;
				COPY_PHASE_STRIP = NO;
				DEBUG_INFORMATION_FORMAT = "dwarf-with-dsym";
				ENABLE_NS_ASSERTIONS = NO;
				ENABLE_STRICT_OBJC_MSGSEND = YES;
				GCC_C_LANGUAGE_STANDARD = gnu99;
				GCC_NO_COMMON_BLOCKS = YES;
				GCC_WARN_64_TO_32_BIT_CONVERSION = YES;
				GCC_WARN_ABOUT_RETURN_TYPE = YES_ERROR;
				GCC_WARN_UNDECLARED_SELECTOR = YES;
				GCC_WARN_UNINITIALIZED_AUTOS = YES_AGGRESSIVE;
				GCC_WARN_UNUSED_FUNCTION = YES;
				GCC_WARN_UNUSED_VARIABLE = YES;
				MACOSX_DEPLOYMENT_TARGET = 10.10;
				MTL_ENABLE_DEBUG_INFO = NO;
				SDKROOT = macosx;
			};
			name = Release;
		};
		59EC83331DC8EC540002700A /* Debug */ = {
			isa = XCBuildConfiguration;
			buildSettings = {
				PRODUCT_NAME = "$(TARGET_NAME)";
			};
			name = Debug;
		};
		59EC83341DC8EC540002700A /* Release */ = {
			isa = XCBuildConfiguration;
			buildSettings = {
				PRODUCT_NAME = "$(TARGET_NAME)";
			};
			name = Release;
		};
/* End XCBuildConfiguration section */

/* Begin XCConfigurationList section */
		59EC83261DC8EC540002700A /* Build configuration list for PBXProject "version_Haskell_final" */ = {
			isa = XCConfigurationList;
			buildConfigurations = (
				59EC83301DC8EC540002700A /* Debug */,
				59EC83311DC8EC540002700A /* Release */,
			);
			defaultConfigurationIsVisible = 0;
			defaultConfigurationName = Release;
		};
		59EC83321DC8EC540002700A /* Build configuration list for PBXNativeTarget "version_Haskell_final" */ = {
			isa = XCConfigurationList;
			buildConfigurations = (
				59EC83331DC8EC540002700A /* Debug */,
				59EC83341DC8EC540002700A /* Release */,
			);
			defaultConfigurationIsVisible = 0;
		};
/* End XCConfigurationList section */
	};
	rootObject = 59EC83231DC8EC540002700A /* Project object */;
}
